PODS:
  - Flutter (1.0.0)
  - integration_test (0.0.1):
    - Flutter
  - mapbox_maps_flutter (1.0.0-beta.1):
    - Flutter
    - MapboxMaps
  - MapboxCommon (24.2.0)
  - MapboxCoreMaps (11.2.0):
    - MapboxCommon (~> 24.2)
  - MapboxMaps (11.2.0):
    - MapboxCommon (= 24.2.0)
    - MapboxCoreMaps (= 11.2.0)
    - Turf (= 2.8.0)
  - path_provider_foundation (0.0.1):
    - Flutter
    - FlutterMacOS
  - permission_handler_apple (9.0.4):
    - Flutter
  - Turf (2.8.0)

DEPENDENCIES:
  - Flutter (from `Flutter`)
  - integration_test (from `.symlinks/plugins/integration_test/ios`)
  - mapbox_maps_flutter (from `.symlinks/plugins/mapbox_maps_flutter/ios`)
  - MapboxMaps (from `https://github.com/sikandernoori/mapbox-maps-ios.git`, branch `expose-gesture-count`)
  - path_provider_foundation (from `.symlinks/plugins/path_provider_foundation/darwin`)
  - permission_handler_apple (from `.symlinks/plugins/permission_handler_apple/ios`)

SPEC REPOS:
  trunk:
    - MapboxCommon
    - MapboxCoreMaps
    - Turf

EXTERNAL SOURCES:
  Flutter:
    :path: Flutter
  integration_test:
    :path: ".symlinks/plugins/integration_test/ios"
  mapbox_maps_flutter:
    :path: ".symlinks/plugins/mapbox_maps_flutter/ios"
  MapboxMaps:
    :branch: expose-gesture-count
    :git: https://github.com/sikandernoori/mapbox-maps-ios.git
  path_provider_foundation:
    :path: ".symlinks/plugins/path_provider_foundation/darwin"
  permission_handler_apple:
    :path: ".symlinks/plugins/permission_handler_apple/ios"

CHECKOUT OPTIONS:
  MapboxMaps:
    :commit: 5f7a052c78eb2d88f173faeb1642ff07f3001c23
    :git: https://github.com/sikandernoori/mapbox-maps-ios.git

SPEC CHECKSUMS:
  Flutter: e0871f40cf51350855a761d2e70bf5af5b9b5de7
  integration_test: 13825b8a9334a850581300559b8839134b124670
  mapbox_maps_flutter: 6dbe7d412d4350740e3a9e62c9e36862d606a9ab
  MapboxCommon: f40f1e8c8f3ee8e2bee3b15437812ab114722420
  MapboxCoreMaps: 4294d3178201702a95f2ae316bc4ad419f5fa16a
  MapboxMaps: 413cb886e75b6703c0a3084ce84c29cd681d916f
  path_provider_foundation: 3784922295ac71e43754bd15e0653ccfd36a147c
  permission_handler_apple: 44366e37eaf29454a1e7b1b7d736c2cceaeb17ce
  Turf: aa2ede4298009639d10db36aba1a7ebaad072a5e

PODFILE CHECKSUM: 5f4ada4dbd7d7868d01c66eed7103711d51dd86f

COCOAPODS: 1.15.2
